
Microsoft Visual Studio Solution File, Format Version 12.00
# Visual Studio 2012
Project("{FAE04EC0-301F-11D3-BF4B-00C04F79EFBC}") = "ImdbForums2", "ImdbForums2\ImdbForums2.csproj", "{47928418-AD0F-43BD-97CD-67918964077B}"
EndProject
Project("{FAE04EC0-301F-11D3-BF4B-00C04F79EFBC}") = "ImdbForums2.Cmd", "ImdbForums2.Cmd\ImdbForums2.Cmd.csproj", "{59C99C8A-8DA5-47D8-9A06-9C09C7543DB6}"
EndProject
Global
	GlobalSection(SolutionConfigurationPlatforms) = preSolution
		Debug|Any CPU = Debug|Any CPU
		Release|Any CPU = Release|Any CPU
	EndGlobalSection
	GlobalSection(ProjectConfigurationPlatforms) = postSolution
		{47928418-AD0F-43BD-97CD-67918964077B}.Debug|Any CPU.ActiveCfg = Debug|Any CPU
		{47928418-AD0F-43BD-97CD-67918964077B}.Debug|Any CPU.Build.0 = Debug|Any CPU
		{47928418-AD0F-43BD-97CD-67918964077B}.Release|Any CPU.ActiveCfg = Release|Any CPU
		{47928418-AD0F-43BD-97CD-67918964077B}.Release|Any CPU.Build.0 = Release|Any CPU
		{59C99C8A-8DA5-47D8-9A06-9C09C7543DB6}.Debug|Any CPU.ActiveCfg = Debug|Any CPU
		{59C99C8A-8DA5-47D8-9A06-9C09C7543DB6}.Debug|Any CPU.Build.0 = Debug|Any CPU
		{59C99C8A-8DA5-47D8-9A06-9C09C7543DB6}.Release|Any CPU.ActiveCfg = Release|Any CPU
		{59C99C8A-8DA5-47D8-9A06-9C09C7543DB6}.Release|Any CPU.Build.0 = Release|Any CPU
	EndGlobalSection
	GlobalSection(SolutionProperties) = preSolution
		HideSolutionNode = FALSE
	EndGlobalSection
EndGlobal
